
Microsoft Visual Studio Solution File, Format Version 12.00
# Visual Studio Version 17
VisualStudioVersion = 17.11.35208.52
MinimumVisualStudioVersion = 10.0.40219.1
Project("{FAE04EC0-301F-11D3-BF4B-00C04F79EFBC}") = "SL19OOP", "SL19OOP\SL19OOP.csproj", "{0F46BEE3-B433-448F-900A-5B22038966CE}"
EndProject
Global
	GlobalSection(SolutionConfigurationPlatforms) = preSolution
		Debug|Any CPU = Debug|Any CPU
		Release|Any CPU = Release|Any CPU
	EndGlobalSection
	GlobalSection(ProjectConfigurationPlatforms) = postSolution
		{0F46BEE3-B433-448F-900A-5B22038966CE}.Debug|Any CPU.ActiveCfg = Debug|Any CPU
		{0F46BEE3-B433-448F-900A-5B22038966CE}.Debug|Any CPU.Build.0 = Debug|Any CPU
		{0F46BEE3-B433-448F-900A-5B22038966CE}.Release|Any CPU.ActiveCfg = Release|Any CPU
		{0F46BEE3-B433-448F-900A-5B22038966CE}.Release|Any CPU.Build.0 = Release|Any CPU
	EndGlobalSection
	GlobalSection(SolutionProperties) = preSolution
		HideSolutionNode = FALSE
	EndGlobalSection
	GlobalSection(ExtensibilityGlobals) = postSolution
		SolutionGuid = {5015F241-D36C-407B-BA58-AE3D7B40F4B2}
	EndGlobalSection
EndGlobal
